{
    "_readme": [
        "This file locks the dependencies of your project to a known state",
        "Read more about it at https://getcomposer.org/doc/01-basic-usage.md#composer-lock-the-lock-file",
        "This file is @generated automatically"
    ],
    "content-hash": "c3551e58e5cca74793bb69534e0c5c75",
    "packages": [
        {
            "name": "neutron/sphinxsearch-api",
            "version": "2.0.8",
            "source": {
                "type": "git",
                "url": "https://github.com/romainneutron/Sphinx-Search-API-PHP-Client.git",
                "reference": "a108fda835a9f8717e8fc22f2f35106e0f49dbdc"
            },
            "dist": {
                "type": "zip",
                "url": "https://packagist.phpcomposer.com/files/romainneutron/Sphinx-Search-API-PHP-Client/a108fda835a9f8717e8fc22f2f35106e0f49dbdc.zip",
                "reference": "a108fda835a9f8717e8fc22f2f35106e0f49dbdc",
                "shasum": ""
            },
            "require": {
                "php": ">=4"
            },
            "type": "library",
            "autoload": {
                "classmap": [
                    "sphinxapi.php"
                ]
            },
            "notification-url": "https://packagist.org/downloads/",
            "license": [
                "GPL"
            ],
            "authors": [
                {
                    "name": "Andrew Aksyonoff",
                    "homepage": "http://sphinxsearch.com/"
                }
            ],
            "description": "SphinxSearch PHP API",
            "homepage": "http://sphinxsearch.com/",
            "keywords": [
                "Sphinx Search",
                "api",
                "search-engine"
            ],
            "time": "2013-08-07T18:06:02+00:00"
        }
    ],
    "packages-dev": [],
    "aliases": [],
    "minimum-stability": "stable",
    "stability-flags": [],
    "prefer-stable": false,
    "prefer-lowest": false,
    "platform": [],
    "platform-dev": []
}
